Microsoft Visual Studio Solution File, Format Version 8.00
Project("{8BC9CEB8-8B4A-11D0-8D11-00A0C91BC942}") = "createsamples", "createsamples.vcproj", "{EE37253C-3B7E-4391-981B-6AE4AA400748}"
	ProjectSection(ProjectDependencies) = postProject
		{C30EED12-064C-4314-8A6B-426A11309A88} = {C30EED12-064C-4314-8A6B-426A11309A88}
		{3959E83B-4199-49BA-BB0C-73074DFD1799} = {3959E83B-4199-49BA-BB0C-73074DFD1799}
		{C9E08D4A-9489-4D2E-93E3-8138ABA817A5} = {C9E08D4A-9489-4D2E-93E3-8138ABA817A5}
		{204E2D54-C28A-43B7-9618-3EB8DC7D83D1} = {204E2D54-C28A-43B7-9618-3EB8DC7D83D1}
	EndProjectSection
EndProject
Project("{8BC9CEB8-8B4A-11D0-8D11-00A0C91BC942}") = "cvhaartraining", "cvhaartraining.vcproj", "{3959E83B-4199-49BA-BB0C-73074DFD1799}"
	ProjectSection(ProjectDependencies) = postProject
		{C30EED12-064C-4314-8A6B-426A11309A88} = {C30EED12-064C-4314-8A6B-426A11309A88}
		{C9E08D4A-9489-4D2E-93E3-8138ABA817A5} = {C9E08D4A-9489-4D2E-93E3-8138ABA817A5}
		{204E2D54-C28A-43B7-9618-3EB8DC7D83D1} = {204E2D54-C28A-43B7-9618-3EB8DC7D83D1}
	EndProjectSection
EndProject
Project("{8BC9CEB8-8B4A-11D0-8D11-00A0C91BC942}") = "haartraining", "haartraining.vcproj", "{2F08064F-1571-46E6-BEC3-D2DD927B8409}"
	ProjectSection(ProjectDependencies) = postProject
		{C30EED12-064C-4314-8A6B-426A11309A88} = {C30EED12-064C-4314-8A6B-426A11309A88}
		{3959E83B-4199-49BA-BB0C-73074DFD1799} = {3959E83B-4199-49BA-BB0C-73074DFD1799}
		{C9E08D4A-9489-4D2E-93E3-8138ABA817A5} = {C9E08D4A-9489-4D2E-93E3-8138ABA817A5}
		{204E2D54-C28A-43B7-9618-3EB8DC7D83D1} = {204E2D54-C28A-43B7-9618-3EB8DC7D83D1}
	EndProjectSection
EndProject
Project("{8BC9CEB8-8B4A-11D0-8D11-00A0C91BC942}") = "highgui", "..\..\..\otherlibs\highgui\HighGUI.vcproj", "{C9E08D4A-9489-4D2E-93E3-8138ABA817A5}"
	ProjectSection(ProjectDependencies) = postProject
		{C30EED12-064C-4314-8A6B-426A11309A88} = {C30EED12-064C-4314-8A6B-426A11309A88}
	EndProjectSection
EndProject
Project("{8BC9CEB8-8B4A-11D0-8D11-00A0C91BC942}") = "cxcore", "..\..\..\cxcore\src\cxcore.vcproj", "{C30EED12-064C-4314-8A6B-426A11309A88}"
	ProjectSection(ProjectDependencies) = postProject
	EndProjectSection
EndProject
Project("{8BC9CEB8-8B4A-11D0-8D11-00A0C91BC942}") = "cv", "..\..\..\cv\src\cv.vcproj", "{204E2D54-C28A-43B7-9618-3EB8DC7D83D1}"
	ProjectSection(ProjectDependencies) = postProject
		{C30EED12-064C-4314-8A6B-426A11309A88} = {C30EED12-064C-4314-8A6B-426A11309A88}
	EndProjectSection
EndProject
Project("{8BC9CEB8-8B4A-11D0-8D11-00A0C91BC942}") = "performance", "performance.vcproj", "{3930A416-5D51-43C0-BC78-4BF858FDF361}"
	ProjectSection(ProjectDependencies) = postProject
		{C30EED12-064C-4314-8A6B-426A11309A88} = {C30EED12-064C-4314-8A6B-426A11309A88}
		{3959E83B-4199-49BA-BB0C-73074DFD1799} = {3959E83B-4199-49BA-BB0C-73074DFD1799}
		{C9E08D4A-9489-4D2E-93E3-8138ABA817A5} = {C9E08D4A-9489-4D2E-93E3-8138ABA817A5}
		{204E2D54-C28A-43B7-9618-3EB8DC7D83D1} = {204E2D54-C28A-43B7-9618-3EB8DC7D83D1}
	EndProjectSection
EndProject
Global
	GlobalSection(SolutionConfiguration) = preSolution
		Debug = Debug
		MIL Debug = MIL Debug
		MIL Release = MIL Release
		Release = Release
	EndGlobalSection
	GlobalSection(ProjectConfiguration) = postSolution
		{EE37253C-3B7E-4391-981B-6AE4AA400748}.Debug.ActiveCfg = Debug|Win32
		{EE37253C-3B7E-4391-981B-6AE4AA400748}.Debug.Build.0 = Debug|Win32
		{EE37253C-3B7E-4391-981B-6AE4AA400748}.MIL Debug.ActiveCfg = Debug|Win32
		{EE37253C-3B7E-4391-981B-6AE4AA400748}.MIL Debug.Build.0 = Debug|Win32
		{EE37253C-3B7E-4391-981B-6AE4AA400748}.MIL Release.ActiveCfg = Release|Win32
		{EE37253C-3B7E-4391-981B-6AE4AA400748}.MIL Release.Build.0 = Release|Win32
		{EE37253C-3B7E-4391-981B-6AE4AA400748}.Release.ActiveCfg = Release|Win32
		{EE37253C-3B7E-4391-981B-6AE4AA400748}.Release.Build.0 = Release|Win32
		{3959E83B-4199-49BA-BB0C-73074DFD1799}.Debug.ActiveCfg = Debug|Win32
		{3959E83B-4199-49BA-BB0C-73074DFD1799}.Debug.Build.0 = Debug|Win32
		{3959E83B-4199-49BA-BB0C-73074DFD1799}.MIL Debug.ActiveCfg = Debug|Win32
		{3959E83B-4199-49BA-BB0C-73074DFD1799}.MIL Debug.Build.0 = Debug|Win32
		{3959E83B-4199-49BA-BB0C-73074DFD1799}.MIL Release.ActiveCfg = Release|Win32
		{3959E83B-4199-49BA-BB0C-73074DFD1799}.MIL Release.Build.0 = Release|Win32
		{3959E83B-4199-49BA-BB0C-73074DFD1799}.Release.ActiveCfg = Release|Win32
		{3959E83B-4199-49BA-BB0C-73074DFD1799}.Release.Build.0 = Release|Win32
		{2F08064F-1571-46E6-BEC3-D2DD927B8409}.Debug.ActiveCfg = Debug|Win32
		{2F08064F-1571-46E6-BEC3-D2DD927B8409}.Debug.Build.0 = Debug|Win32
		{2F08064F-1571-46E6-BEC3-D2DD927B8409}.MIL Debug.ActiveCfg = Debug|Win32
		{2F08064F-1571-46E6-BEC3-D2DD927B8409}.MIL Debug.Build.0 = Debug|Win32
		{2F08064F-1571-46E6-BEC3-D2DD927B8409}.MIL Release.ActiveCfg = Release|Win32
		{2F08064F-1571-46E6-BEC3-D2DD927B8409}.MIL Release.Build.0 = Release|Win32
		{2F08064F-1571-46E6-BEC3-D2DD927B8409}.Release.ActiveCfg = Release|Win32
		{2F08064F-1571-46E6-BEC3-D2DD927B8409}.Release.Build.0 = Release|Win32
		{C9E08D4A-9489-4D2E-93E3-8138ABA817A5}.Debug.ActiveCfg = Debug|Win32
		{C9E08D4A-9489-4D2E-93E3-8138ABA817A5}.Debug.Build.0 = Debug|Win32
		{C9E08D4A-9489-4D2E-93E3-8138ABA817A5}.MIL Debug.ActiveCfg = MIL Debug|Win32
		{C9E08D4A-9489-4D2E-93E3-8138ABA817A5}.MIL Debug.Build.0 = MIL Debug|Win32
		{C9E08D4A-9489-4D2E-93E3-8138ABA817A5}.MIL Release.ActiveCfg = MIL Release|Win32
		{C9E08D4A-9489-4D2E-93E3-8138ABA817A5}.MIL Release.Build.0 = MIL Release|Win32
		{C9E08D4A-9489-4D2E-93E3-8138ABA817A5}.Release.ActiveCfg = Release|Win32
		{C9E08D4A-9489-4D2E-93E3-8138ABA817A5}.Release.Build.0 = Release|Win32
		{C30EED12-064C-4314-8A6B-426A11309A88}.Debug.ActiveCfg = Debug|Win32
		{C30EED12-064C-4314-8A6B-426A11309A88}.Debug.Build.0 = Debug|Win32
		{C30EED12-064C-4314-8A6B-426A11309A88}.MIL Debug.ActiveCfg = Debug|Win32
		{C30EED12-064C-4314-8A6B-426A11309A88}.MIL Debug.Build.0 = Debug|Win32
		{C30EED12-064C-4314-8A6B-426A11309A88}.MIL Release.ActiveCfg = Release|Win32
		{C30EED12-064C-4314-8A6B-426A11309A88}.MIL Release.Build.0 = Release|Win32
		{C30EED12-064C-4314-8A6B-426A11309A88}.Release.ActiveCfg = Release|Win32
		{C30EED12-064C-4314-8A6B-426A11309A88}.Release.Build.0 = Release|Win32
		{204E2D54-C28A-43B7-9618-3EB8DC7D83D1}.Debug.ActiveCfg = Debug|Win32
		{204E2D54-C28A-43B7-9618-3EB8DC7D83D1}.Debug.Build.0 = Debug|Win32
		{204E2D54-C28A-43B7-9618-3EB8DC7D83D1}.MIL Debug.ActiveCfg = Debug|Win32
		{204E2D54-C28A-43B7-9618-3EB8DC7D83D1}.MIL Debug.Build.0 = Debug|Win32
		{204E2D54-C28A-43B7-9618-3EB8DC7D83D1}.MIL Release.ActiveCfg = Release|Win32
		{204E2D54-C28A-43B7-9618-3EB8DC7D83D1}.MIL Release.Build.0 = Release|Win32
		{204E2D54-C28A-43B7-9618-3EB8DC7D83D1}.Release.ActiveCfg = Release|Win32
		{204E2D54-C28A-43B7-9618-3EB8DC7D83D1}.Release.Build.0 = Release|Win32
		{3930A416-5D51-43C0-BC78-4BF858FDF361}.Debug.ActiveCfg = Debug|Win32
		{3930A416-5D51-43C0-BC78-4BF858FDF361}.Debug.Build.0 = Debug|Win32
		{3930A416-5D51-43C0-BC78-4BF858FDF361}.MIL Debug.ActiveCfg = Debug|Win32
		{3930A416-5D51-43C0-BC78-4BF858FDF361}.MIL Debug.Build.0 = Debug|Win32
		{3930A416-5D51-43C0-BC78-4BF858FDF361}.MIL Release.ActiveCfg = Release|Win32
		{3930A416-5D51-43C0-BC78-4BF858FDF361}.MIL Release.Build.0 = Release|Win32
		{3930A416-5D51-43C0-BC78-4BF858FDF361}.Release.ActiveCfg = Release|Win32
		{3930A416-5D51-43C0-BC78-4BF858FDF361}.Release.Build.0 = Release|Win32
	EndGlobalSection
	GlobalSection(ExtensibilityGlobals) = postSolution
	EndGlobalSection
	GlobalSection(ExtensibilityAddIns) = postSolution
	EndGlobalSection
EndGlobal
